
Microsoft Visual Studio Solution File, Format Version 11.00
# Visual Studio 2010
Project("{FAE04EC0-301F-11D3-BF4B-00C04F79EFBC}") = "ServiceTestK", "ServiceTestK\ServiceTestK.csproj", "{ECA48463-983E-4F1D-9575-6B3074EB6FFE}"
EndProject
Global
	GlobalSection(SolutionConfigurationPlatforms) = preSolution
		Debug|Any CPU = Debug|Any CPU
		Release|Any CPU = Release|Any CPU
	EndGlobalSection
	GlobalSection(ProjectConfigurationPlatforms) = postSolution
		{ECA48463-983E-4F1D-9575-6B3074EB6FFE}.Debug|Any CPU.ActiveCfg = Debug|Any CPU
		{ECA48463-983E-4F1D-9575-6B3074EB6FFE}.Debug|Any CPU.Build.0 = Debug|Any CPU
		{ECA48463-983E-4F1D-9575-6B3074EB6FFE}.Release|Any CPU.ActiveCfg = Release|Any CPU
		{ECA48463-983E-4F1D-9575-6B3074EB6FFE}.Release|Any CPU.Build.0 = Release|Any CPU
	EndGlobalSection
	GlobalSection(SolutionProperties) = preSolution
		HideSolutionNode = FALSE
	EndGlobalSection
EndGlobal
